
Microsoft Visual Studio Solution File, Format Version 11.00
# Visual Studio 2010
Project("{8BC9CEB8-8B4A-11D0-8D11-00A0C91BC942}") = "tijerasInteligentes", "tijerasInteligentes\tijerasInteligentes.vcxproj", "{4321F8AB-00C4-439E-AE30-6BB2D9E74581}"
EndProject
Global
	GlobalSection(SolutionConfigurationPlatforms) = preSolution
		Debug|Win32 = Debug|Win32
		Release|Win32 = Release|Win32
	EndGlobalSection
	GlobalSection(ProjectConfigurationPlatforms) = postSolution
		{4321F8AB-00C4-439E-AE30-6BB2D9E74581}.Debug|Win32.ActiveCfg = Debug|Win32
		{4321F8AB-00C4-439E-AE30-6BB2D9E74581}.Debug|Win32.Build.0 = Debug|Win32
		{4321F8AB-00C4-439E-AE30-6BB2D9E74581}.Release|Win32.ActiveCfg = Release|Win32
		{4321F8AB-00C4-439E-AE30-6BB2D9E74581}.Release|Win32.Build.0 = Release|Win32
	EndGlobalSection
	GlobalSection(SolutionProperties) = preSolution
		HideSolutionNode = FALSE
	EndGlobalSection
EndGlobal
