// !$*UTF8*$!
{
	archiveVersion = 1;
	classes = {
	};
	objectVersion = 46;
	objects = {

/* Begin PBXFileReference section */
		D353F6511A861AAD0008188D /* window.cpp */ = {isa = PBXFileReference; lastKnownFileType = sourcecode.cpp.cpp; path = window.cpp; sourceTree = "<group>"; };
		D353F6521A861AAD0008188D /* window.h */ = {isa = PBXFileReference; lastKnownFileType = sourcecode.c.h; path = window.h; sourceTree = "<group>"; };
/* End PBXFileReference section */

/* Begin PBXGroup section */
		D353F64A1A8617400008188D = {
			isa = PBXGroup;
			children = (
				D353F6511A861AAD0008188D /* window.cpp */,
				D353F6521A861AAD0008188D /* window.h */,
			);
			sourceTree = "<group>";
		};
/* End PBXGroup section */

/* Begin PBXProject section */
		D353F64B1A8617400008188D /* Project object */ = {
			isa = PBXProject;
			attributes = {
				LastUpgradeCheck = 0610;
			};
			buildConfigurationList = D353F64E1A8617400008188D /* Build configuration list for PBXProject "intelligentScissors" */;
			compatibilityVersion = "Xcode 3.2";
			developmentRegion = English;
			hasScannedForEncodings = 0;
			knownRegions = (
				en,
			);
			mainGroup = D353F64A1A8617400008188D;
			projectDirPath = "";
			projectRoot = "";
			targets = (
			);
		};
/* End PBXProject section */

/* Begin XCBuildConfiguration section */
		D353F64F1A8617400008188D /* Debug */ = {
			isa = XCBuildConfiguration;
			buildSettings = {
			};
			name = Debug;
		};
		D353F6501A8617400008188D /* Release */ = {
			isa = XCBuildConfiguration;
			buildSettings = {
			};
			name = Release;
		};
/* End XCBuildConfiguration section */

/* Begin XCConfigurationList section */
		D353F64E1A8617400008188D /* Build configuration list for PBXProject "intelligentScissors" */ = {
			isa = XCConfigurationList;
			buildConfigurations = (
				D353F64F1A8617400008188D /* Debug */,
				D353F6501A8617400008188D /* Release */,
			);
			defaultConfigurationIsVisible = 0;
			defaultConfigurationName = Release;
		};
/* End XCConfigurationList section */
	};
	rootObject = D353F64B1A8617400008188D /* Project object */;
}
